// !$*UTF8*$!
{
	archiveVersion = 1;
	classes = {
	};
	objectVersion = 46;
	objects = {

/* Begin PBXBuildFile section */
		5028B4711E1546A000892131 /* JKTestViewController.m in Sources */ = {isa = PBXBuildFile; fileRef = 5028B4701E1546A000892131 /* JKTestViewController.m */; };
		505AD6221E1A5AAC0037BF3B /* JKPhotoAlbumListTableViewCell.m in Sources */ = {isa = PBXBuildFile; fileRef = 505AD61F1E1A5AAC0037BF3B /* JKPhotoAlbumListTableViewCell.m */; };
		505AD6231E1A5AAC0037BF3B /* JKPhotoAlbumListView.m in Sources */ = {isa = PBXBuildFile; fileRef = 505AD6211E1A5AAC0037BF3B /* JKPhotoAlbumListView.m */; };
		505AD62C1E1A5ADE0037BF3B /* JKPhotoBrowserCollectionViewCell.m in Sources */ = {isa = PBXBuildFile; fileRef = 505AD6251E1A5ADE0037BF3B /* JKPhotoBrowserCollectionViewCell.m */; };
		505AD62D1E1A5ADE0037BF3B /* JKPhotoBrowserPresentationController.m in Sources */ = {isa = PBXBuildFile; fileRef = 505AD6271E1A5ADE0037BF3B /* JKPhotoBrowserPresentationController.m */; };
		505AD62E1E1A5ADE0037BF3B /* JKPhotoBrowserPresentationManager.m in Sources */ = {isa = PBXBuildFile; fileRef = 505AD6291E1A5ADE0037BF3B /* JKPhotoBrowserPresentationManager.m */; };
		505AD62F1E1A5ADE0037BF3B /* JKPhotoBrowserViewController.m in Sources */ = {isa = PBXBuildFile; fileRef = 505AD62B1E1A5ADE0037BF3B /* JKPhotoBrowserViewController.m */; };
		505AD6361E1A5B0F0037BF3B /* JKPhotoCollectionViewCell.m in Sources */ = {isa = PBXBuildFile; fileRef = 505AD6311E1A5B0F0037BF3B /* JKPhotoCollectionViewCell.m */; };
		505AD6371E1A5B0F0037BF3B /* JKPhotoPickerViewController.m in Sources */ = {isa = PBXBuildFile; fileRef = 505AD6331E1A5B0F0037BF3B /* JKPhotoPickerViewController.m */; };
		505AD6381E1A5B0F0037BF3B /* JKPhotoSelectedCollectionViewCell.m in Sources */ = {isa = PBXBuildFile; fileRef = 505AD6351E1A5B0F0037BF3B /* JKPhotoSelectedCollectionViewCell.m */; };
		505AD63D1E1A5B320037BF3B /* JKPhotoSelectCompleteCollectionViewCell.m in Sources */ = {isa = PBXBuildFile; fileRef = 505AD63A1E1A5B320037BF3B /* JKPhotoSelectCompleteCollectionViewCell.m */; };
		505AD63E1E1A5B320037BF3B /* JKPhotoSelectCompleteView.m in Sources */ = {isa = PBXBuildFile; fileRef = 505AD63C1E1A5B320037BF3B /* JKPhotoSelectCompleteView.m */; };
		505AD6451E1A5B3E0037BF3B /* JKPhotoItem.m in Sources */ = {isa = PBXBuildFile; fileRef = 505AD6401E1A5B3E0037BF3B /* JKPhotoItem.m */; };
		505AD6461E1A5B3E0037BF3B /* JKPhotoManager.m in Sources */ = {isa = PBXBuildFile; fileRef = 505AD6421E1A5B3E0037BF3B /* JKPhotoManager.m */; };
		505AD6471E1A5B3E0037BF3B /* JKPhotoTitleButton.m in Sources */ = {isa = PBXBuildFile; fileRef = 505AD6441E1A5B3E0037BF3B /* JKPhotoTitleButton.m */; };
		505AD64D1E1A79070037BF3B /* JKPhotoTapGestureRecognizer.m in Sources */ = {isa = PBXBuildFile; fileRef = 505AD64C1E1A79070037BF3B /* JKPhotoTapGestureRecognizer.m */; };
		50A0C40F1EEE8D7100FB8FB0 /* JKPhotoPickerResource.bundle in Resources */ = {isa = PBXBuildFile; fileRef = 50A0C40E1EEE8D7100FB8FB0 /* JKPhotoPickerResource.bundle */; };
		50B23CD71E09256200D9926B /* main.m in Sources */ = {isa = PBXBuildFile; fileRef = 50B23CD61E09256200D9926B /* main.m */; };
		50B23CDA1E09256200D9926B /* AppDelegate.m in Sources */ = {isa = PBXBuildFile; fileRef = 50B23CD91E09256200D9926B /* AppDelegate.m */; };
		50B23CDD1E09256200D9926B /* ViewController.m in Sources */ = {isa = PBXBuildFile; fileRef = 50B23CDC1E09256200D9926B /* ViewController.m */; };
		50B23CE01E09256200D9926B /* Main.storyboard in Resources */ = {isa = PBXBuildFile; fileRef = 50B23CDE1E09256200D9926B /* Main.storyboard */; };
		50B23CE21E09256200D9926B /* Assets.xcassets in Resources */ = {isa = PBXBuildFile; fileRef = 50B23CE11E09256200D9926B /* Assets.xcassets */; };
		50B23CE51E09256200D9926B /* LaunchScreen.storyboard in Resources */ = {isa = PBXBuildFile; fileRef = 50B23CE31E09256200D9926B /* LaunchScreen.storyboard */; };
		50B23CF01E09256200D9926B /* JKPhotoPickerTests.m in Sources */ = {isa = PBXBuildFile; fileRef = 50B23CEF1E09256200D9926B /* JKPhotoPickerTests.m */; };
		50B23CFB1E09256200D9926B /* JKPhotoPickerUITests.m in Sources */ = {isa = PBXBuildFile; fileRef = 50B23CFA1E09256200D9926B /* JKPhotoPickerUITests.m */; };
/* End PBXBuildFile section */

/* Begin PBXContainerItemProxy section */
		50B23CEC1E09256200D9926B /* PBXContainerItemProxy */ = {
			isa = PBXContainerItemProxy;
			containerPortal = 50B23CCA1E09256100D9926B /* Project object */;
			proxyType = 1;
			remoteGlobalIDString = 50B23CD11E09256200D9926B;
			remoteInfo = JKPhotoPicker;
		};
		50B23CF71E09256200D9926B /* PBXContainerItemProxy */ = {
			isa = PBXContainerItemProxy;
			containerPortal = 50B23CCA1E09256100D9926B /* Project object */;
			proxyType = 1;
			remoteGlobalIDString = 50B23CD11E09256200D9926B;
			remoteInfo = JKPhotoPicker;
		};
/* End PBXContainerItemProxy section */

/* Begin PBXFileReference section */
		500F63BB20E7D12B00CA883E /* JKPhotoPickerMacro.h */ = {isa = PBXFileReference; lastKnownFileType = sourcecode.c.h; path = JKPhotoPickerMacro.h; sourceTree = "<group>"; };
		5028B46F1E1546A000892131 /* JKTestViewController.h */ = {isa = PBXFileReference; fileEncoding = 4; lastKnownFileType = sourcecode.c.h; path = JKTestViewController.h; sourceTree = "<group>"; };
		5028B4701E1546A000892131 /* JKTestViewController.m */ = {isa = PBXFileReference; fileEncoding = 4; lastKnownFileType = sourcecode.c.objc; path = JKTestViewController.m; sourceTree = "<group>"; };
		505AD61E1E1A5AAC0037BF3B /* JKPhotoAlbumListTableViewCell.h */ = {isa = PBXFileReference; fileEncoding = 4; lastKnownFileType = sourcecode.c.h; path = JKPhotoAlbumListTableViewCell.h; sourceTree = "<group>"; };
		505AD61F1E1A5AAC0037BF3B /* JKPhotoAlbumListTableViewCell.m */ = {isa = PBXFileReference; fileEncoding = 4; lastKnownFileType = sourcecode.c.objc; path = JKPhotoAlbumListTableViewCell.m; sourceTree = "<group>"; };
		505AD6201E1A5AAC0037BF3B /* JKPhotoAlbumListView.h */ = {isa = PBXFileReference; fileEncoding = 4; lastKnownFileType = sourcecode.c.h; path = JKPhotoAlbumListView.h; sourceTree = "<group>"; };
		505AD6211E1A5AAC0037BF3B /* JKPhotoAlbumListView.m */ = {isa = PBXFileReference; fileEncoding = 4; lastKnownFileType = sourcecode.c.objc; path = JKPhotoAlbumListView.m; sourceTree = "<group>"; };
		505AD6241E1A5ADE0037BF3B /* JKPhotoBrowserCollectionViewCell.h */ = {isa = PBXFileReference; fileEncoding = 4; lastKnownFileType = sourcecode.c.h; path = JKPhotoBrowserCollectionViewCell.h; sourceTree = "<group>"; };
		505AD6251E1A5ADE0037BF3B /* JKPhotoBrowserCollectionViewCell.m */ = {isa = PBXFileReference; fileEncoding = 4; lastKnownFileType = sourcecode.c.objc; path = JKPhotoBrowserCollectionViewCell.m; sourceTree = "<group>"; };
		505AD6261E1A5ADE0037BF3B /* JKPhotoBrowserPresentationController.h */ = {isa = PBXFileReference; fileEncoding = 4; lastKnownFileType = sourcecode.c.h; path = JKPhotoBrowserPresentationController.h; sourceTree = "<group>"; };
		505AD6271E1A5ADE0037BF3B /* JKPhotoBrowserPresentationController.m */ = {isa = PBXFileReference; fileEncoding = 4; lastKnownFileType = sourcecode.c.objc; path = JKPhotoBrowserPresentationController.m; sourceTree = "<group>"; };
		505AD6281E1A5ADE0037BF3B /* JKPhotoBrowserPresentationManager.h */ = {isa = PBXFileReference; fileEncoding = 4; lastKnownFileType = sourcecode.c.h; path = JKPhotoBrowserPresentationManager.h; sourceTree = "<group>"; };
		505AD6291E1A5ADE0037BF3B /* JKPhotoBrowserPresentationManager.m */ = {isa = PBXFileReference; fileEncoding = 4; lastKnownFileType = sourcecode.c.objc; path = JKPhotoBrowserPresentationManager.m; sourceTree = "<group>"; };
		505AD62A1E1A5ADE0037BF3B /* JKPhotoBrowserViewController.h */ = {isa = PBXFileReference; fileEncoding = 4; lastKnownFileType = sourcecode.c.h; path = JKPhotoBrowserViewController.h; sourceTree = "<group>"; };
		505AD62B1E1A5ADE0037BF3B /* JKPhotoBrowserViewController.m */ = {isa = PBXFileReference; fileEncoding = 4; lastKnownFileType = sourcecode.c.objc; path = JKPhotoBrowserViewController.m; sourceTree = "<group>"; };
		505AD6301E1A5B0F0037BF3B /* JKPhotoCollectionViewCell.h */ = {isa = PBXFileReference; fileEncoding = 4; lastKnownFileType = sourcecode.c.h; path = JKPhotoCollectionViewCell.h; sourceTree = "<group>"; };
		505AD6311E1A5B0F0037BF3B /* JKPhotoCollectionViewCell.m */ = {isa = PBXFileReference; fileEncoding = 4; lastKnownFileType = sourcecode.c.objc; path = JKPhotoCollectionViewCell.m; sourceTree = "<group>"; };
		505AD6321E1A5B0F0037BF3B /* JKPhotoPickerViewController.h */ = {isa = PBXFileReference; fileEncoding = 4; lastKnownFileType = sourcecode.c.h; path = JKPhotoPickerViewController.h; sourceTree = "<group>"; };
		505AD6331E1A5B0F0037BF3B /* JKPhotoPickerViewController.m */ = {isa = PBXFileReference; fileEncoding = 4; lastKnownFileType = sourcecode.c.objc; path = JKPhotoPickerViewController.m; sourceTree = "<group>"; };
		505AD6341E1A5B0F0037BF3B /* JKPhotoSelectedCollectionViewCell.h */ = {isa = PBXFileReference; fileEncoding = 4; lastKnownFileType = sourcecode.c.h; path = JKPhotoSelectedCollectionViewCell.h; sourceTree = "<group>"; };
		505AD6351E1A5B0F0037BF3B /* JKPhotoSelectedCollectionViewCell.m */ = {isa = PBXFileReference; fileEncoding = 4; lastKnownFileType = sourcecode.c.objc; path = JKPhotoSelectedCollectionViewCell.m; sourceTree = "<group>"; };
		505AD6391E1A5B320037BF3B /* JKPhotoSelectCompleteCollectionViewCell.h */ = {isa = PBXFileReference; fileEncoding = 4; lastKnownFileType = sourcecode.c.h; path = JKPhotoSelectCompleteCollectionViewCell.h; sourceTree = "<group>"; };
		505AD63A1E1A5B320037BF3B /* JKPhotoSelectCompleteCollectionViewCell.m */ = {isa = PBXFileReference; fileEncoding = 4; lastKnownFileType = sourcecode.c.objc; path = JKPhotoSelectCompleteCollectionViewCell.m; sourceTree = "<group>"; };
		505AD63B1E1A5B320037BF3B /* JKPhotoSelectCompleteView.h */ = {isa = PBXFileReference; fileEncoding = 4; lastKnownFileType = sourcecode.c.h; path = JKPhotoSelectCompleteView.h; sourceTree = "<group>"; };
		505AD63C1E1A5B320037BF3B /* JKPhotoSelectCompleteView.m */ = {isa = PBXFileReference; fileEncoding = 4; lastKnownFileType = sourcecode.c.objc; path = JKPhotoSelectCompleteView.m; sourceTree = "<group>"; };
		505AD63F1E1A5B3E0037BF3B /* JKPhotoItem.h */ = {isa = PBXFileReference; fileEncoding = 4; lastKnownFileType = sourcecode.c.h; path = JKPhotoItem.h; sourceTree = "<group>"; };
		505AD6401E1A5B3E0037BF3B /* JKPhotoItem.m */ = {isa = PBXFileReference; fileEncoding = 4; lastKnownFileType = sourcecode.c.objc; path = JKPhotoItem.m; sourceTree = "<group>"; };
		505AD6411E1A5B3E0037BF3B /* JKPhotoManager.h */ = {isa = PBXFileReference; fileEncoding = 4; lastKnownFileType = sourcecode.c.h; path = JKPhotoManager.h; sourceTree = "<group>"; };
		505AD6421E1A5B3E0037BF3B /* JKPhotoManager.m */ = {isa = PBXFileReference; fileEncoding = 4; lastKnownFileType = sourcecode.c.objc; path = JKPhotoManager.m; sourceTree = "<group>"; };
		505AD6431E1A5B3E0037BF3B /* JKPhotoTitleButton.h */ = {isa = PBXFileReference; fileEncoding = 4; lastKnownFileType = sourcecode.c.h; path = JKPhotoTitleButton.h; sourceTree = "<group>"; };
		505AD6441E1A5B3E0037BF3B /* JKPhotoTitleButton.m */ = {isa = PBXFileReference; fileEncoding = 4; lastKnownFileType = sourcecode.c.objc; path = JKPhotoTitleButton.m; sourceTree = "<group>"; };
		505AD64A1E1A5C390037BF3B /* JKPhotoPicker.h */ = {isa = PBXFileReference; fileEncoding = 4; lastKnownFileType = sourcecode.c.h; path = JKPhotoPicker.h; sourceTree = "<group>"; };
		505AD64B1E1A79070037BF3B /* JKPhotoTapGestureRecognizer.h */ = {isa = PBXFileReference; fileEncoding = 4; lastKnownFileType = sourcecode.c.h; path = JKPhotoTapGestureRecognizer.h; sourceTree = "<group>"; };
		505AD64C1E1A79070037BF3B /* JKPhotoTapGestureRecognizer.m */ = {isa = PBXFileReference; fileEncoding = 4; lastKnownFileType = sourcecode.c.objc; path = JKPhotoTapGestureRecognizer.m; sourceTree = "<group>"; };
		50A0C40E1EEE8D7100FB8FB0 /* JKPhotoPickerResource.bundle */ = {isa = PBXFileReference; lastKnownFileType = "wrapper.plug-in"; path = JKPhotoPickerResource.bundle; sourceTree = "<group>"; };
		50B23CD21E09256200D9926B /* JKPhotoPicker.app */ = {isa = PBXFileReference; explicitFileType = wrapper.application; includeInIndex = 0; path = JKPhotoPicker.app; sourceTree = BUILT_PRODUCTS_DIR; };
		50B23CD61E09256200D9926B /* main.m */ = {isa = PBXFileReference; lastKnownFileType = sourcecode.c.objc; path = main.m; sourceTree = "<group>"; };
		50B23CD81E09256200D9926B /* AppDelegate.h */ = {isa = PBXFileReference; lastKnownFileType = sourcecode.c.h; path = AppDelegate.h; sourceTree = "<group>"; };
		50B23CD91E09256200D9926B /* AppDelegate.m */ = {isa = PBXFileReference; lastKnownFileType = sourcecode.c.objc; path = AppDelegate.m; sourceTree = "<group>"; };
		50B23CDB1E09256200D9926B /* ViewController.h */ = {isa = PBXFileReference; lastKnownFileType = sourcecode.c.h; path = ViewController.h; sourceTree = "<group>"; };
		50B23CDC1E09256200D9926B /* ViewController.m */ = {isa = PBXFileReference; lastKnownFileType = sourcecode.c.objc; path = ViewController.m; sourceTree = "<group>"; };
		50B23CDF1E09256200D9926B /* Base */ = {isa = PBXFileReference; lastKnownFileType = file.storyboard; name = Base; path = Base.lproj/Main.storyboard; sourceTree = "<group>"; };
		50B23CE11E09256200D9926B /* Assets.xcassets */ = {isa = PBXFileReference; lastKnownFileType = folder.assetcatalog; path = Assets.xcassets; sourceTree = "<group>"; };
		50B23CE41E09256200D9926B /* Base */ = {isa = PBXFileReference; lastKnownFileType = file.storyboard; name = Base; path = Base.lproj/LaunchScreen.storyboard; sourceTree = "<group>"; };
		50B23CE61E09256200D9926B /* Info.plist */ = {isa = PBXFileReference; lastKnownFileType = text.plist.xml; path = Info.plist; sourceTree = "<group>"; };
		50B23CEB1E09256200D9926B /* JKPhotoPickerTests.xctest */ = {isa = PBXFileReference; explicitFileType = wrapper.cfbundle; includeInIndex = 0; path = JKPhotoPickerTests.xctest; sourceTree = BUILT_PRODUCTS_DIR; };
		50B23CEF1E09256200D9926B /* JKPhotoPickerTests.m */ = {isa = PBXFileReference; lastKnownFileType = sourcecode.c.objc; path = JKPhotoPickerTests.m; sourceTree = "<group>"; };
		50B23CF11E09256200D9926B /* Info.plist */ = {isa = PBXFileReference; lastKnownFileType = text.plist.xml; path = Info.plist; sourceTree = "<group>"; };
		50B23CF61E09256200D9926B /* JKPhotoPickerUITests.xctest */ = {isa = PBXFileReference; explicitFileType = wrapper.cfbundle; includeInIndex = 0; path = JKPhotoPickerUITests.xctest; sourceTree = BUILT_PRODUCTS_DIR; };
		50B23CFA1E09256200D9926B /* JKPhotoPickerUITests.m */ = {isa = PBXFileReference; lastKnownFileType = sourcecode.c.objc; path = JKPhotoPickerUITests.m; sourceTree = "<group>"; };
		50B23CFC1E09256200D9926B /* Info.plist */ = {isa = PBXFileReference; lastKnownFileType = text.plist.xml; path = Info.plist; sourceTree = "<group>"; };
/* End PBXFileReference section */

/* Begin PBXFrameworksBuildPhase section */
		50B23CCF1E09256200D9926B /* Frameworks */ = {
			isa = PBXFrameworksBuildPhase;
			buildActionMask = 2147483647;
			files = (
			);
			runOnlyForDeploymentPostprocessing = 0;
		};
		50B23CE81E09256200D9926B /* Frameworks */ = {
			isa = PBXFrameworksBuildPhase;
			buildActionMask = 2147483647;
			files = (
			);
			runOnlyForDeploymentPostprocessing = 0;
		};
		50B23CF31E09256200D9926B /* Frameworks */ = {
			isa = PBXFrameworksBuildPhase;
			buildActionMask = 2147483647;
			files = (
			);
			runOnlyForDeploymentPostprocessing = 0;
		};
/* End PBXFrameworksBuildPhase section */

/* Begin PBXGroup section */
		505AD6191E1A5A470037BF3B /* Album */ = {
			isa = PBXGroup;
			children = (
				505AD61E1E1A5AAC0037BF3B /* JKPhotoAlbumListTableViewCell.h */,
				505AD61F1E1A5AAC0037BF3B /* JKPhotoAlbumListTableViewCell.m */,
				505AD6201E1A5AAC0037BF3B /* JKPhotoAlbumListView.h */,
				505AD6211E1A5AAC0037BF3B /* JKPhotoAlbumListView.m */,
			);
			path = Album;
			sourceTree = "<group>";
		};
		505AD61A1E1A5A470037BF3B /* Browser */ = {
			isa = PBXGroup;
			children = (
				505AD6241E1A5ADE0037BF3B /* JKPhotoBrowserCollectionViewCell.h */,
				505AD6251E1A5ADE0037BF3B /* JKPhotoBrowserCollectionViewCell.m */,
				505AD6261E1A5ADE0037BF3B /* JKPhotoBrowserPresentationController.h */,
				505AD6271E1A5ADE0037BF3B /* JKPhotoBrowserPresentationController.m */,
				505AD6281E1A5ADE0037BF3B /* JKPhotoBrowserPresentationManager.h */,
				505AD6291E1A5ADE0037BF3B /* JKPhotoBrowserPresentationManager.m */,
				505AD62A1E1A5ADE0037BF3B /* JKPhotoBrowserViewController.h */,
				505AD62B1E1A5ADE0037BF3B /* JKPhotoBrowserViewController.m */,
			);
			path = Browser;
			sourceTree = "<group>";
		};
		505AD61B1E1A5A470037BF3B /* Picker */ = {
			isa = PBXGroup;
			children = (
				505AD6301E1A5B0F0037BF3B /* JKPhotoCollectionViewCell.h */,
				505AD6311E1A5B0F0037BF3B /* JKPhotoCollectionViewCell.m */,
				505AD6321E1A5B0F0037BF3B /* JKPhotoPickerViewController.h */,
				505AD6331E1A5B0F0037BF3B /* JKPhotoPickerViewController.m */,
				505AD6341E1A5B0F0037BF3B /* JKPhotoSelectedCollectionViewCell.h */,
				505AD6351E1A5B0F0037BF3B /* JKPhotoSelectedCollectionViewCell.m */,
			);
			path = Picker;
			sourceTree = "<group>";
		};
		505AD61C1E1A5A470037BF3B /* SelectComplete */ = {
			isa = PBXGroup;
			children = (
				505AD6391E1A5B320037BF3B /* JKPhotoSelectCompleteCollectionViewCell.h */,
				505AD63A1E1A5B320037BF3B /* JKPhotoSelectCompleteCollectionViewCell.m */,
				505AD63B1E1A5B320037BF3B /* JKPhotoSelectCompleteView.h */,
				505AD63C1E1A5B320037BF3B /* JKPhotoSelectCompleteView.m */,
			);
			path = SelectComplete;
			sourceTree = "<group>";
		};
		505AD61D1E1A5A6E0037BF3B /* Other */ = {
			isa = PBXGroup;
			children = (
				505AD63F1E1A5B3E0037BF3B /* JKPhotoItem.h */,
				505AD6401E1A5B3E0037BF3B /* JKPhotoItem.m */,
				505AD6411E1A5B3E0037BF3B /* JKPhotoManager.h */,
				505AD6421E1A5B3E0037BF3B /* JKPhotoManager.m */,
				50A0C40E1EEE8D7100FB8FB0 /* JKPhotoPickerResource.bundle */,
				505AD64B1E1A79070037BF3B /* JKPhotoTapGestureRecognizer.h */,
				505AD64C1E1A79070037BF3B /* JKPhotoTapGestureRecognizer.m */,
				505AD6431E1A5B3E0037BF3B /* JKPhotoTitleButton.h */,
				505AD6441E1A5B3E0037BF3B /* JKPhotoTitleButton.m */,
			);
			path = Other;
			sourceTree = "<group>";
		};
		50B23CC91E09256100D9926B = {
			isa = PBXGroup;
			children = (
				50B23CD41E09256200D9926B /* JKPhotoPicker */,
				50B23CEE1E09256200D9926B /* JKPhotoPickerTests */,
				50B23CF91E09256200D9926B /* JKPhotoPickerUITests */,
				50B23CD31E09256200D9926B /* Products */,
			);
			sourceTree = "<group>";
		};
		50B23CD31E09256200D9926B /* Products */ = {
			isa = PBXGroup;
			children = (
				50B23CD21E09256200D9926B /* JKPhotoPicker.app */,
				50B23CEB1E09256200D9926B /* JKPhotoPickerTests.xctest */,
				50B23CF61E09256200D9926B /* JKPhotoPickerUITests.xctest */,
			);
			name = Products;
			sourceTree = "<group>";
		};
		50B23CD41E09256200D9926B /* JKPhotoPicker */ = {
			isa = PBXGroup;
			children = (
				50B23CD81E09256200D9926B /* AppDelegate.h */,
				50B23CD91E09256200D9926B /* AppDelegate.m */,
				50C2F5101E0A203500ED2B9E /* JKPhotoPicker */,
				50B23CDB1E09256200D9926B /* ViewController.h */,
				50B23CDC1E09256200D9926B /* ViewController.m */,
				5028B46F1E1546A000892131 /* JKTestViewController.h */,
				5028B4701E1546A000892131 /* JKTestViewController.m */,
				50B23CDE1E09256200D9926B /* Main.storyboard */,
				50B23CE11E09256200D9926B /* Assets.xcassets */,
				50B23CE31E09256200D9926B /* LaunchScreen.storyboard */,
				50B23CE61E09256200D9926B /* Info.plist */,
				50B23CD51E09256200D9926B /* Supporting Files */,
			);
			path = JKPhotoPicker;
			sourceTree = "<group>";
		};
		50B23CD51E09256200D9926B /* Supporting Files */ = {
			isa = PBXGroup;
			children = (
				50B23CD61E09256200D9926B /* main.m */,
			);
			name = "Supporting Files";
			sourceTree = "<group>";
		};
		50B23CEE1E09256200D9926B /* JKPhotoPickerTests */ = {
			isa = PBXGroup;
			children = (
				50B23CEF1E09256200D9926B /* JKPhotoPickerTests.m */,
				50B23CF11E09256200D9926B /* Info.plist */,
			);
			path = JKPhotoPickerTests;
			sourceTree = "<group>";
		};
		50B23CF91E09256200D9926B /* JKPhotoPickerUITests */ = {
			isa = PBXGroup;
			children = (
				50B23CFA1E09256200D9926B /* JKPhotoPickerUITests.m */,
				50B23CFC1E09256200D9926B /* Info.plist */,
			);
			path = JKPhotoPickerUITests;
			sourceTree = "<group>";
		};
		50C2F5101E0A203500ED2B9E /* JKPhotoPicker */ = {
			isa = PBXGroup;
			children = (
				505AD64A1E1A5C390037BF3B /* JKPhotoPicker.h */,
				500F63BB20E7D12B00CA883E /* JKPhotoPickerMacro.h */,
				505AD6191E1A5A470037BF3B /* Album */,
				505AD61A1E1A5A470037BF3B /* Browser */,
				505AD61D1E1A5A6E0037BF3B /* Other */,
				505AD61B1E1A5A470037BF3B /* Picker */,
				505AD61C1E1A5A470037BF3B /* SelectComplete */,
			);
			path = JKPhotoPicker;
			sourceTree = "<group>";
		};
/* End PBXGroup section */

/* Begin PBXNativeTarget section */
		50B23CD11E09256200D9926B /* JKPhotoPicker */ = {
			isa = PBXNativeTarget;
			buildConfigurationList = 50B23CFF1E09256200D9926B /* Build configuration list for PBXNativeTarget "JKPhotoPicker" */;
			buildPhases = (
				50B23CCE1E09256200D9926B /* Sources */,
				50B23CCF1E09256200D9926B /* Frameworks */,
				50B23CD01E09256200D9926B /* Resources */,
			);
			buildRules = (
			);
			dependencies = (
			);
			name = JKPhotoPicker;
			productName = JKPhotoPicker;
			productReference = 50B23CD21E09256200D9926B /* JKPhotoPicker.app */;
			productType = "com.apple.product-type.application";
		};
		50B23CEA1E09256200D9926B /* JKPhotoPickerTests */ = {
			isa = PBXNativeTarget;
			buildConfigurationList = 50B23D021E09256200D9926B /* Build configuration list for PBXNativeTarget "JKPhotoPickerTests" */;
			buildPhases = (
				50B23CE71E09256200D9926B /* Sources */,
				50B23CE81E09256200D9926B /* Frameworks */,
				50B23CE91E09256200D9926B /* Resources */,
			);
			buildRules = (
			);
			dependencies = (
				50B23CED1E09256200D9926B /* PBXTargetDependency */,
			);
			name = JKPhotoPickerTests;
			productName = JKPhotoPickerTests;
			productReference = 50B23CEB1E09256200D9926B /* JKPhotoPickerTests.xctest */;
			productType = "com.apple.product-type.bundle.unit-test";
		};
		50B23CF51E09256200D9926B /* JKPhotoPickerUITests */ = {
			isa = PBXNativeTarget;
			buildConfigurationList = 50B23D051E09256200D9926B /* Build configuration list for PBXNativeTarget "JKPhotoPickerUITests" */;
			buildPhases = (
				50B23CF21E09256200D9926B /* Sources */,
				50B23CF31E09256200D9926B /* Frameworks */,
				50B23CF41E09256200D9926B /* Resources */,
			);
			buildRules = (
			);
			dependencies = (
				50B23CF81E09256200D9926B /* PBXTargetDependency */,
			);
			name = JKPhotoPickerUITests;
			productName = JKPhotoPickerUITests;
			productReference = 50B23CF61E09256200D9926B /* JKPhotoPickerUITests.xctest */;
			productType = "com.apple.product-type.bundle.ui-testing";
		};
/* End PBXNativeTarget section */

/* Begin PBXProject section */
		50B23CCA1E09256100D9926B /* Project object */ = {
			isa = PBXProject;
			attributes = {
				LastUpgradeCheck = 0820;
				ORGANIZATIONNAME = "安永博";
				TargetAttributes = {
					50B23CD11E09256200D9926B = {
						CreatedOnToolsVersion = 8.2;
						DevelopmentTeam = BA4DMKLYJJ;
						ProvisioningStyle = Automatic;
					};
					50B23CEA1E09256200D9926B = {
						CreatedOnToolsVersion = 8.2;
						DevelopmentTeam = R9ETGYBWPU;
						ProvisioningStyle = Automatic;
						TestTargetID = 50B23CD11E09256200D9926B;
					};
					50B23CF51E09256200D9926B = {
						CreatedOnToolsVersion = 8.2;
						DevelopmentTeam = R9ETGYBWPU;
						ProvisioningStyle = Automatic;
						TestTargetID = 50B23CD11E09256200D9926B;
					};
				};
			};
			buildConfigurationList = 50B23CCD1E09256100D9926B /* Build configuration list for PBXProject "JKPhotoPicker" */;
			compatibilityVersion = "Xcode 3.2";
			developmentRegion = English;
			hasScannedForEncodings = 0;
			knownRegions = (
				English,
				en,
				Base,
			);
			mainGroup = 50B23CC91E09256100D9926B;
			productRefGroup = 50B23CD31E09256200D9926B /* Products */;
			projectDirPath = "";
			projectRoot = "";
			targets = (
				50B23CD11E09256200D9926B /* JKPhotoPicker */,
				50B23CEA1E09256200D9926B /* JKPhotoPickerTests */,
				50B23CF51E09256200D9926B /* JKPhotoPickerUITests */,
			);
		};
/* End PBXProject section */

/* Begin PBXResourcesBuildPhase section */
		50B23CD01E09256200D9926B /* Resources */ = {
			isa = PBXResourcesBuildPhase;
			buildActionMask = 2147483647;
			files = (
				50B23CE51E09256200D9926B /* LaunchScreen.storyboard in Resources */,
				50A0C40F1EEE8D7100FB8FB0 /* JKPhotoPickerResource.bundle in Resources */,
				50B23CE21E09256200D9926B /* Assets.xcassets in Resources */,
				50B23CE01E09256200D9926B /* Main.storyboard in Resources */,
			);
			runOnlyForDeploymentPostprocessing = 0;
		};
		50B23CE91E09256200D9926B /* Resources */ = {
			isa = PBXResourcesBuildPhase;
			buildActionMask = 2147483647;
			files = (
			);
			runOnlyForDeploymentPostprocessing = 0;
		};
		50B23CF41E09256200D9926B /* Resources */ = {
			isa = PBXResourcesBuildPhase;
			buildActionMask = 2147483647;
			files = (
			);
			runOnlyForDeploymentPostprocessing = 0;
		};
/* End PBXResourcesBuildPhase section */

/* Begin PBXSourcesBuildPhase section */
		50B23CCE1E09256200D9926B /* Sources */ = {
			isa = PBXSourcesBuildPhase;
			buildActionMask = 2147483647;
			files = (
				505AD6371E1A5B0F0037BF3B /* JKPhotoPickerViewController.m in Sources */,
				505AD6221E1A5AAC0037BF3B /* JKPhotoAlbumListTableViewCell.m in Sources */,
				5028B4711E1546A000892131 /* JKTestViewController.m in Sources */,
				505AD6461E1A5B3E0037BF3B /* JKPhotoManager.m in Sources */,
				505AD64D1E1A79070037BF3B /* JKPhotoTapGestureRecognizer.m in Sources */,
				505AD6231E1A5AAC0037BF3B /* JKPhotoAlbumListView.m in Sources */,
				505AD62F1E1A5ADE0037BF3B /* JKPhotoBrowserViewController.m in Sources */,
				505AD62C1E1A5ADE0037BF3B /* JKPhotoBrowserCollectionViewCell.m in Sources */,
				505AD6451E1A5B3E0037BF3B /* JKPhotoItem.m in Sources */,
				505AD6471E1A5B3E0037BF3B /* JKPhotoTitleButton.m in Sources */,
				505AD62D1E1A5ADE0037BF3B /* JKPhotoBrowserPresentationController.m in Sources */,
				505AD63D1E1A5B320037BF3B /* JKPhotoSelectCompleteCollectionViewCell.m in Sources */,
				50B23CDD1E09256200D9926B /* ViewController.m in Sources */,
				505AD63E1E1A5B320037BF3B /* JKPhotoSelectCompleteView.m in Sources */,
				505AD6361E1A5B0F0037BF3B /* JKPhotoCollectionViewCell.m in Sources */,
				50B23CDA1E09256200D9926B /* AppDelegate.m in Sources */,
				50B23CD71E09256200D9926B /* main.m in Sources */,
				505AD62E1E1A5ADE0037BF3B /* JKPhotoBrowserPresentationManager.m in Sources */,
				505AD6381E1A5B0F0037BF3B /* JKPhotoSelectedCollectionViewCell.m in Sources */,
			);
			runOnlyForDeploymentPostprocessing = 0;
		};
		50B23CE71E09256200D9926B /* Sources */ = {
			isa = PBXSourcesBuildPhase;
			buildActionMask = 2147483647;
			files = (
				50B23CF01E09256200D9926B /* JKPhotoPickerTests.m in Sources */,
			);
			runOnlyForDeploymentPostprocessing = 0;
		};
		50B23CF21E09256200D9926B /* Sources */ = {
			isa = PBXSourcesBuildPhase;
			buildActionMask = 2147483647;
			files = (
				50B23CFB1E09256200D9926B /* JKPhotoPickerUITests.m in Sources */,
			);
			runOnlyForDeploymentPostprocessing = 0;
		};
/* End PBXSourcesBuildPhase section */

/* Begin PBXTargetDependency section */
		50B23CED1E09256200D9926B /* PBXTargetDependency */ = {
			isa = PBXTargetDependency;
			target = 50B23CD11E09256200D9926B /* JKPhotoPicker */;
			targetProxy = 50B23CEC1E09256200D9926B /* PBXContainerItemProxy */;
		};
		50B23CF81E09256200D9926B /* PBXTargetDependency */ = {
			isa = PBXTargetDependency;
			target = 50B23CD11E09256200D9926B /* JKPhotoPicker */;
			targetProxy = 50B23CF71E09256200D9926B /* PBXContainerItemProxy */;
		};
/* End PBXTargetDependency section */

/* Begin PBXVariantGroup section */
		50B23CDE1E09256200D9926B /* Main.storyboard */ = {
			isa = PBXVariantGroup;
			children = (
				50B23CDF1E09256200D9926B /* Base */,
			);
			name = Main.storyboard;
			sourceTree = "<group>";
		};
		50B23CE31E09256200D9926B /* LaunchScreen.storyboard */ = {
			isa = PBXVariantGroup;
			children = (
				50B23CE41E09256200D9926B /* Base */,
			);
			name = LaunchScreen.storyboard;
			sourceTree = "<group>";
		};
/* End PBXVariantGroup section */

/* Begin XCBuildConfiguration section */
		50B23CFD1E09256200D9926B /* Debug */ = {
			isa = XCBuildConfiguration;
			buildSettings = {
				ALWAYS_SEARCH_USER_PATHS = NO;
				CLANG_ANALYZER_NONNULL = YES;
				CLANG_CXX_LANGUAGE_STANDARD = "gnu++0x";
				CLANG_CXX_LIBRARY = "libc++";
				CLANG_ENABLE_MODULES = YES;
				CLANG_ENABLE_OBJC_ARC = YES;
				CLANG_WARN_BOOL_CONVERSION = YES;
				CLANG_WARN_CONSTANT_CONVERSION = YES;
				CLANG_WARN_DIRECT_OBJC_ISA_USAGE = YES_ERROR;
				CLANG_WARN_DOCUMENTATION_COMMENTS = YES;
				CLANG_WARN_EMPTY_BODY = YES;
				CLANG_WARN_ENUM_CONVERSION = YES;
				CLANG_WARN_INFINITE_RECURSION = YES;
				CLANG_WARN_INT_CONVERSION = YES;
				CLANG_WARN_OBJC_ROOT_CLASS = YES_ERROR;
				CLANG_WARN_SUSPICIOUS_MOVE = YES;
				CLANG_WARN_UNREACHABLE_CODE = YES;
				CLANG_WARN__DUPLICATE_METHOD_MATCH = YES;
				"CODE_SIGN_IDENTITY[sdk=iphoneos*]" = "iPhone Developer";
				COPY_PHASE_STRIP = NO;
				DEBUG_INFORMATION_FORMAT = dwarf;
				ENABLE_STRICT_OBJC_MSGSEND = YES;
				ENABLE_TESTABILITY = YES;
				GCC_C_LANGUAGE_STANDARD = gnu99;
				GCC_DYNAMIC_NO_PIC = NO;
				GCC_NO_COMMON_BLOCKS = YES;
				GCC_OPTIMIZATION_LEVEL = 0;
				GCC_PREPROCESSOR_DEFINITIONS = (
					"DEBUG=1",
					"$(inherited)",
				);
				GCC_WARN_64_TO_32_BIT_CONVERSION = YES;
				GCC_WARN_ABOUT_RETURN_TYPE = YES_ERROR;
				GCC_WARN_UNDECLARED_SELECTOR = YES;
				GCC_WARN_UNINITIALIZED_AUTOS = YES_AGGRESSIVE;
				GCC_WARN_UNUSED_FUNCTION = YES;
				GCC_WARN_UNUSED_VARIABLE = YES;
				IPHONEOS_DEPLOYMENT_TARGET = 10.2;
				MTL_ENABLE_DEBUG_INFO = YES;
				ONLY_ACTIVE_ARCH = YES;
				SDKROOT = iphoneos;
			};
			name = Debug;
		};
		50B23CFE1E09256200D9926B /* Release */ = {
			isa = XCBuildConfiguration;
			buildSettings = {
				ALWAYS_SEARCH_USER_PATHS = NO;
				CLANG_ANALYZER_NONNULL = YES;
				CLANG_CXX_LANGUAGE_STANDARD = "gnu++0x";
				CLANG_CXX_LIBRARY = "libc++";
				CLANG_ENABLE_MODULES = YES;
				CLANG_ENABLE_OBJC_ARC = YES;
				CLANG_WARN_BOOL_CONVERSION = YES;
				CLANG_WARN_CONSTANT_CONVERSION = YES;
				CLANG_WARN_DIRECT_OBJC_ISA_USAGE = YES_ERROR;
				CLANG_WARN_DOCUMENTATION_COMMENTS = YES;
				CLANG_WARN_EMPTY_BODY = YES;
				CLANG_WARN_ENUM_CONVERSION = YES;
				CLANG_WARN_INFINITE_RECURSION = YES;
				CLANG_WARN_INT_CONVERSION = YES;
				CLANG_WARN_OBJC_ROOT_CLASS = YES_ERROR;
				CLANG_WARN_SUSPICIOUS_MOVE = YES;
				CLANG_WARN_UNREACHABLE_CODE = YES;
				CLANG_WARN__DUPLICATE_METHOD_MATCH = YES;
				"CODE_SIGN_IDENTITY[sdk=iphoneos*]" = "iPhone Developer";
				COPY_PHASE_STRIP = NO;
				DEBUG_INFORMATION_FORMAT = "dwarf-with-dsym";
				ENABLE_NS_ASSERTIONS = NO;
				ENABLE_STRICT_OBJC_MSGSEND = YES;
				GCC_C_LANGUAGE_STANDARD = gnu99;
				GCC_NO_COMMON_BLOCKS = YES;
				GCC_WARN_64_TO_32_BIT_CONVERSION = YES;
				GCC_WARN_ABOUT_RETURN_TYPE = YES_ERROR;
				GCC_WARN_UNDECLARED_SELECTOR = YES;
				GCC_WARN_UNINITIALIZED_AUTOS = YES_AGGRESSIVE;
				GCC_WARN_UNUSED_FUNCTION = YES;
				GCC_WARN_UNUSED_VARIABLE = YES;
				IPHONEOS_DEPLOYMENT_TARGET = 10.2;
				MTL_ENABLE_DEBUG_INFO = NO;
				SDKROOT = iphoneos;
				VALIDATE_PRODUCT = YES;
			};
			name = Release;
		};
		50B23D001E09256200D9926B /* Debug */ = {
			isa = XCBuildConfiguration;
			buildSettings = {
				ASSETCATALOG_COMPILER_APPICON_NAME = AppIcon;
				DEVELOPMENT_TEAM = BA4DMKLYJJ;
				INFOPLIST_FILE = JKPhotoPicker/Info.plist;
				IPHONEOS_DEPLOYMENT_TARGET = 8.0;
				LD_RUNPATH_SEARCH_PATHS = "$(inherited) @executable_path/Frameworks";
				PRODUCT_BUNDLE_IDENTIFIER = com.tailinkj.JKPhotoPicker123;
				PRODUCT_NAME = "$(TARGET_NAME)";
				TARGETED_DEVICE_FAMILY = "1,2";
			};
			name = Debug;
		};
		50B23D011E09256200D9926B /* Release */ = {
			isa = XCBuildConfiguration;
			buildSettings = {
				ASSETCATALOG_COMPILER_APPICON_NAME = AppIcon;
				DEVELOPMENT_TEAM = BA4DMKLYJJ;
				INFOPLIST_FILE = JKPhotoPicker/Info.plist;
				IPHONEOS_DEPLOYMENT_TARGET = 8.0;
				LD_RUNPATH_SEARCH_PATHS = "$(inherited) @executable_path/Frameworks";
				PRODUCT_BUNDLE_IDENTIFIER = com.tailinkj.JKPhotoPicker123;
				PRODUCT_NAME = "$(TARGET_NAME)";
				TARGETED_DEVICE_FAMILY = "1,2";
			};
			name = Release;
		};
		50B23D031E09256200D9926B /* Debug */ = {
			isa = XCBuildConfiguration;
			buildSettings = {
				BUNDLE_LOADER = "$(TEST_HOST)";
				DEVELOPMENT_TEAM = R9ETGYBWPU;
				INFOPLIST_FILE = JKPhotoPickerTests/Info.plist;
				LD_RUNPATH_SEARCH_PATHS = "$(inherited) @executable_path/Frameworks @loader_path/Frameworks";
				PRODUCT_BUNDLE_IDENTIFIER = com.tailinkj.JKPhotoPickerTests;
				PRODUCT_NAME = "$(TARGET_NAME)";
				TEST_HOST = "$(BUILT_PRODUCTS_DIR)/JKPhotoPicker.app/JKPhotoPicker";
			};
			name = Debug;
		};
		50B23D041E09256200D9926B /* Release */ = {
			isa = XCBuildConfiguration;
			buildSettings = {
				BUNDLE_LOADER = "$(TEST_HOST)";
				DEVELOPMENT_TEAM = R9ETGYBWPU;
				INFOPLIST_FILE = JKPhotoPickerTests/Info.plist;
				LD_RUNPATH_SEARCH_PATHS = "$(inherited) @executable_path/Frameworks @loader_path/Frameworks";
				PRODUCT_BUNDLE_IDENTIFIER = com.tailinkj.JKPhotoPickerTests;
				PRODUCT_NAME = "$(TARGET_NAME)";
				TEST_HOST = "$(BUILT_PRODUCTS_DIR)/JKPhotoPicker.app/JKPhotoPicker";
			};
			name = Release;
		};
		50B23D061E09256200D9926B /* Debug */ = {
			isa = XCBuildConfiguration;
			buildSettings = {
				DEVELOPMENT_TEAM = R9ETGYBWPU;
				INFOPLIST_FILE = JKPhotoPickerUITests/Info.plist;
				LD_RUNPATH_SEARCH_PATHS = "$(inherited) @executable_path/Frameworks @loader_path/Frameworks";
				PRODUCT_BUNDLE_IDENTIFIER = com.tailinkj.JKPhotoPickerUITests;
				PRODUCT_NAME = "$(TARGET_NAME)";
				TEST_TARGET_NAME = JKPhotoPicker;
			};
			name = Debug;
		};
		50B23D071E09256200D9926B /* Release */ = {
			isa = XCBuildConfiguration;
			buildSettings = {
				DEVELOPMENT_TEAM = R9ETGYBWPU;
				INFOPLIST_FILE = JKPhotoPickerUITests/Info.plist;
				LD_RUNPATH_SEARCH_PATHS = "$(inherited) @executable_path/Frameworks @loader_path/Frameworks";
				PRODUCT_BUNDLE_IDENTIFIER = com.tailinkj.JKPhotoPickerUITests;
				PRODUCT_NAME = "$(TARGET_NAME)";
				TEST_TARGET_NAME = JKPhotoPicker;
			};
			name = Release;
		};
/* End XCBuildConfiguration section */

/* Begin XCConfigurationList section */
		50B23CCD1E09256100D9926B /* Build configuration list for PBXProject "JKPhotoPicker" */ = {
			isa = XCConfigurationList;
			buildConfigurations = (
				50B23CFD1E09256200D9926B /* Debug */,
				50B23CFE1E09256200D9926B /* Release */,
			);
			defaultConfigurationIsVisible = 0;
			defaultConfigurationName = Release;
		};
		50B23CFF1E09256200D9926B /* Build configuration list for PBXNativeTarget "JKPhotoPicker" */ = {
			isa = XCConfigurationList;
			buildConfigurations = (
				50B23D001E09256200D9926B /* Debug */,
				50B23D011E09256200D9926B /* Release */,
			);
			defaultConfigurationIsVisible = 0;
			defaultConfigurationName = Release;
		};
		50B23D021E09256200D9926B /* Build configuration list for PBXNativeTarget "JKPhotoPickerTests" */ = {
			isa = XCConfigurationList;
			buildConfigurations = (
				50B23D031E09256200D9926B /* Debug */,
				50B23D041E09256200D9926B /* Release */,
			);
			defaultConfigurationIsVisible = 0;
			defaultConfigurationName = Release;
		};
		50B23D051E09256200D9926B /* Build configuration list for PBXNativeTarget "JKPhotoPickerUITests" */ = {
			isa = XCConfigurationList;
			buildConfigurations = (
				50B23D061E09256200D9926B /* Debug */,
				50B23D071E09256200D9926B /* Release */,
			);
			defaultConfigurationIsVisible = 0;
			defaultConfigurationName = Release;
		};
/* End XCConfigurationList section */
	};
	rootObject = 50B23CCA1E09256100D9926B /* Project object */;
}
